// !$*UTF8*$!
{
	archiveVersion = 1;
	classes = {
	};
	objectVersion = 51;
	objects = {

/* Begin PBXBuildFile section */
		6F1980A024B32B9100BECBD3 /* AppDelegate.swift in Sources */ = {isa = PBXBuildFile; fileRef = 6F19809F24B32B9100BECBD3 /* AppDelegate.swift */; };
		6F1980A224B32B9100BECBD3 /* SceneDelegate.swift in Sources */ = {isa = PBXBuildFile; fileRef = 6F1980A124B32B9100BECBD3 /* SceneDelegate.swift */; };
		6F1980A424B32B9100BECBD3 /* ViewController.swift in Sources */ = {isa = PBXBuildFile; fileRef = 6F1980A324B32B9100BECBD3 /* ViewController.swift */; };
		6F1980A724B32B9100BECBD3 /* Main.storyboard in Resources */ = {isa = PBXBuildFile; fileRef = 6F1980A524B32B9100BECBD3 /* Main.storyboard */; };
		6F1980A924B32B9500BECBD3 /* Assets.xcassets in Resources */ = {isa = PBXBuildFile; fileRef = 6F1980A824B32B9500BECBD3 /* Assets.xcassets */; };
		6F1980AC24B32B9500BECBD3 /* LaunchScreen.storyboard in Resources */ = {isa = PBXBuildFile; fileRef = 6F1980AA24B32B9500BECBD3 /* LaunchScreen.storyboard */; };
		6F1980BD24B32BB800BECBD3 /* OpenViduPartecipantCell.swift in Sources */ = {isa = PBXBuildFile; fileRef = 6F1980B524B32BB800BECBD3 /* OpenViduPartecipantCell.swift */; };
		6F1980BE24B32BB800BECBD3 /* OpenViduVideoVC.swift in Sources */ = {isa = PBXBuildFile; fileRef = 6F1980B624B32BB800BECBD3 /* OpenViduVideoVC.swift */; };
		6F1980BF24B32BB800BECBD3 /* OpenViduVideoVM.swift in Sources */ = {isa = PBXBuildFile; fileRef = 6F1980B724B32BB800BECBD3 /* OpenViduVideoVM.swift */; };
		6F1980C024B32BB800BECBD3 /* RemoteParticipant.swift in Sources */ = {isa = PBXBuildFile; fileRef = 6F1980B824B32BB800BECBD3 /* RemoteParticipant.swift */; };
		6F1980C124B32BB800BECBD3 /* JSONConstants.swift in Sources */ = {isa = PBXBuildFile; fileRef = 6F1980B924B32BB800BECBD3 /* JSONConstants.swift */; };
		6F1980C224B32BB800BECBD3 /* PeersService.swift in Sources */ = {isa = PBXBuildFile; fileRef = 6F1980BA24B32BB800BECBD3 /* PeersService.swift */; };
		6F1980C324B32BB800BECBD3 /* OpenViduService.swift in Sources */ = {isa = PBXBuildFile; fileRef = 6F1980BB24B32BB800BECBD3 /* OpenViduService.swift */; };
		6F1980C424B32BB800BECBD3 /* WebSocketService.swift in Sources */ = {isa = PBXBuildFile; fileRef = 6F1980BC24B32BB800BECBD3 /* WebSocketService.swift */; };
		6F1980C624B32E1000BECBD3 /* Openvidu.storyboard in Resources */ = {isa = PBXBuildFile; fileRef = 6F1980C524B32E1000BECBD3 /* Openvidu.storyboard */; };
		CEB49817D708048864E5BAF0 /* Pods_Openvidu_Swift.framework in Frameworks */ = {isa = PBXBuildFile; fileRef = E1845C7D5FFA8ABA3FE2B803 /* Pods_Openvidu_Swift.framework */; };
/* End PBXBuildFile section */

/* Begin PBXFileReference section */
		34FD620453CB0AE08AE033A5 /* Pods-Openvidu Swift.release.xcconfig */ = {isa = PBXFileReference; includeInIndex = 1; lastKnownFileType = text.xcconfig; name = "Pods-Openvidu Swift.release.xcconfig"; path = "Target Support Files/Pods-Openvidu Swift/Pods-Openvidu Swift.release.xcconfig"; sourceTree = "<group>"; };
		6F19809C24B32B9100BECBD3 /* Openvidu Swift.app */ = {isa = PBXFileReference; explicitFileType = wrapper.application; includeInIndex = 0; path = "Openvidu Swift.app"; sourceTree = BUILT_PRODUCTS_DIR; };
		6F19809F24B32B9100BECBD3 /* AppDelegate.swift */ = {isa = PBXFileReference; lastKnownFileType = sourcecode.swift; path = AppDelegate.swift; sourceTree = "<group>"; };
		6F1980A124B32B9100BECBD3 /* SceneDelegate.swift */ = {isa = PBXFileReference; lastKnownFileType = sourcecode.swift; path = SceneDelegate.swift; sourceTree = "<group>"; };
		6F1980A324B32B9100BECBD3 /* ViewController.swift */ = {isa = PBXFileReference; lastKnownFileType = sourcecode.swift; path = ViewController.swift; sourceTree = "<group>"; };
		6F1980A624B32B9100BECBD3 /* Base */ = {isa = PBXFileReference; lastKnownFileType = file.storyboard; name = Base; path = Base.lproj/Main.storyboard; sourceTree = "<group>"; };
		6F1980A824B32B9500BECBD3 /* Assets.xcassets */ = {isa = PBXFileReference; lastKnownFileType = folder.assetcatalog; path = Assets.xcassets; sourceTree = "<group>"; };
		6F1980AB24B32B9500BECBD3 /* Base */ = {isa = PBXFileReference; lastKnownFileType = file.storyboard; name = Base; path = Base.lproj/LaunchScreen.storyboard; sourceTree = "<group>"; };
		6F1980AD24B32B9500BECBD3 /* Info.plist */ = {isa = PBXFileReference; lastKnownFileType = text.plist.xml; path = Info.plist; sourceTree = "<group>"; };
		6F1980B524B32BB800BECBD3 /* OpenViduPartecipantCell.swift */ = {isa = PBXFileReference; fileEncoding = 4; lastKnownFileType = sourcecode.swift; path = OpenViduPartecipantCell.swift; sourceTree = "<group>"; };
		6F1980B624B32BB800BECBD3 /* OpenViduVideoVC.swift */ = {isa = PBXFileReference; fileEncoding = 4; lastKnownFileType = sourcecode.swift; path = OpenViduVideoVC.swift; sourceTree = "<group>"; };
		6F1980B724B32BB800BECBD3 /* OpenViduVideoVM.swift */ = {isa = PBXFileReference; fileEncoding = 4; lastKnownFileType = sourcecode.swift; path = OpenViduVideoVM.swift; sourceTree = "<group>"; };
		6F1980B824B32BB800BECBD3 /* RemoteParticipant.swift */ = {isa = PBXFileReference; fileEncoding = 4; lastKnownFileType = sourcecode.swift; path = RemoteParticipant.swift; sourceTree = "<group>"; };
		6F1980B924B32BB800BECBD3 /* JSONConstants.swift */ = {isa = PBXFileReference; fileEncoding = 4; lastKnownFileType = sourcecode.swift; path = JSONConstants.swift; sourceTree = "<group>"; };
		6F1980BA24B32BB800BECBD3 /* PeersService.swift */ = {isa = PBXFileReference; fileEncoding = 4; lastKnownFileType = sourcecode.swift; path = PeersService.swift; sourceTree = "<group>"; };
		6F1980BB24B32BB800BECBD3 /* OpenViduService.swift */ = {isa = PBXFileReference; fileEncoding = 4; lastKnownFileType = sourcecode.swift; path = OpenViduService.swift; sourceTree = "<group>"; };
		6F1980BC24B32BB800BECBD3 /* WebSocketService.swift */ = {isa = PBXFileReference; fileEncoding = 4; lastKnownFileType = sourcecode.swift; path = WebSocketService.swift; sourceTree = "<group>"; };
		6F1980C524B32E1000BECBD3 /* Openvidu.storyboard */ = {isa = PBXFileReference; lastKnownFileType = file.storyboard; path = Openvidu.storyboard; sourceTree = "<group>"; };
		D9D881654A768AD67387E33E /* Pods-Openvidu Swift.debug.xcconfig */ = {isa = PBXFileReference; includeInIndex = 1; lastKnownFileType = text.xcconfig; name = "Pods-Openvidu Swift.debug.xcconfig"; path = "Target Support Files/Pods-Openvidu Swift/Pods-Openvidu Swift.debug.xcconfig"; sourceTree = "<group>"; };
		E1845C7D5FFA8ABA3FE2B803 /* Pods_Openvidu_Swift.framework */ = {isa = PBXFileReference; explicitFileType = wrapper.framework; includeInIndex = 0; path = Pods_Openvidu_Swift.framework; sourceTree = BUILT_PRODUCTS_DIR; };
/* End PBXFileReference section */

/* Begin PBXFrameworksBuildPhase section */
		6F19809924B32B9100BECBD3 /* Frameworks */ = {
			isa = PBXFrameworksBuildPhase;
			buildActionMask = 2147483647;
			files = (
				CEB49817D708048864E5BAF0 /* Pods_Openvidu_Swift.framework in Frameworks */,
			);
			runOnlyForDeploymentPostprocessing = 0;
		};
/* End PBXFrameworksBuildPhase section */

/* Begin PBXGroup section */
		5066448E972E1B0750A69F1C /* Pods */ = {
			isa = PBXGroup;
			children = (
				D9D881654A768AD67387E33E /* Pods-Openvidu Swift.debug.xcconfig */,
				34FD620453CB0AE08AE033A5 /* Pods-Openvidu Swift.release.xcconfig */,
			);
			path = Pods;
			sourceTree = "<group>";
		};
		6F19809324B32B9100BECBD3 = {
			isa = PBXGroup;
			children = (
				6F19809E24B32B9100BECBD3 /* Openvidu Swift */,
				6F19809D24B32B9100BECBD3 /* Products */,
				5066448E972E1B0750A69F1C /* Pods */,
				E41D36F9AE708A64F4EDC8A3 /* Frameworks */,
			);
			sourceTree = "<group>";
		};
		6F19809D24B32B9100BECBD3 /* Products */ = {
			isa = PBXGroup;
			children = (
				6F19809C24B32B9100BECBD3 /* Openvidu Swift.app */,
			);
			name = Products;
			sourceTree = "<group>";
		};
		6F19809E24B32B9100BECBD3 /* Openvidu Swift */ = {
			isa = PBXGroup;
			children = (
				6F19809F24B32B9100BECBD3 /* AppDelegate.swift */,
				6F1980A124B32B9100BECBD3 /* SceneDelegate.swift */,
				6F1980A324B32B9100BECBD3 /* ViewController.swift */,
				6F1980A524B32B9100BECBD3 /* Main.storyboard */,
				6F1980A824B32B9500BECBD3 /* Assets.xcassets */,
				6F1980AA24B32B9500BECBD3 /* LaunchScreen.storyboard */,
				6F1980AD24B32B9500BECBD3 /* Info.plist */,
				6F1980B324B32BB800BECBD3 /* Open Vidu */,
			);
			path = "Openvidu Swift";
			sourceTree = "<group>";
		};
		6F1980B324B32BB800BECBD3 /* Open Vidu */ = {
			isa = PBXGroup;
			children = (
				6F1980B424B32BB800BECBD3 /* UI */,
				6F1980B824B32BB800BECBD3 /* RemoteParticipant.swift */,
				6F1980B924B32BB800BECBD3 /* JSONConstants.swift */,
				6F1980BA24B32BB800BECBD3 /* PeersService.swift */,
				6F1980BB24B32BB800BECBD3 /* OpenViduService.swift */,
				6F1980BC24B32BB800BECBD3 /* WebSocketService.swift */,
			);
			path = "Open Vidu";
			sourceTree = "<group>";
		};
		6F1980B424B32BB800BECBD3 /* UI */ = {
			isa = PBXGroup;
			children = (
				6F1980B524B32BB800BECBD3 /* OpenViduPartecipantCell.swift */,
				6F1980B624B32BB800BECBD3 /* OpenViduVideoVC.swift */,
				6F1980B724B32BB800BECBD3 /* OpenViduVideoVM.swift */,
				6F1980C524B32E1000BECBD3 /* Openvidu.storyboard */,
			);
			path = UI;
			sourceTree = "<group>";
		};
		E41D36F9AE708A64F4EDC8A3 /* Frameworks */ = {
			isa = PBXGroup;
			children = (
				E1845C7D5FFA8ABA3FE2B803 /* Pods_Openvidu_Swift.framework */,
			);
			name = Frameworks;
			sourceTree = "<group>";
		};
/* End PBXGroup section */

/* Begin PBXNativeTarget section */
		6F19809B24B32B9100BECBD3 /* Openvidu Swift */ = {
			isa = PBXNativeTarget;
			buildConfigurationList = 6F1980B024B32B9500BECBD3 /* Build configuration list for PBXNativeTarget "Openvidu Swift" */;
			buildPhases = (
				3AA5D0E399D8B429A76A7A64 /* [CP] Check Pods Manifest.lock */,
				6F19809824B32B9100BECBD3 /* Sources */,
				6F19809924B32B9100BECBD3 /* Frameworks */,
				6F19809A24B32B9100BECBD3 /* Resources */,
				B9094ABA0D19FCFEB2826BEE /* [CP] Embed Pods Frameworks */,
			);
			buildRules = (
			);
			dependencies = (
			);
			name = "Openvidu Swift";
			productName = "Openvidu Swift";
			productReference = 6F19809C24B32B9100BECBD3 /* Openvidu Swift.app */;
			productType = "com.apple.product-type.application";
		};
/* End PBXNativeTarget section */

/* Begin PBXProject section */
		6F19809424B32B9100BECBD3 /* Project object */ = {
			isa = PBXProject;
			attributes = {
				LastSwiftUpdateCheck = 1150;
				LastUpgradeCheck = 1150;
				ORGANIZATIONNAME = "Dario Pacchi";
				TargetAttributes = {
					6F19809B24B32B9100BECBD3 = {
						CreatedOnToolsVersion = 11.5;
					};
				};
			};
			buildConfigurationList = 6F19809724B32B9100BECBD3 /* Build configuration list for PBXProject "Openvidu Swift" */;
			compatibilityVersion = "Xcode 9.3";
			developmentRegion = en;
			hasScannedForEncodings = 0;
			knownRegions = (
				en,
				Base,
			);
			mainGroup = 6F19809324B32B9100BECBD3;
			productRefGroup = 6F19809D24B32B9100BECBD3 /* Products */;
			projectDirPath = "";
			projectRoot = "";
			targets = (
				6F19809B24B32B9100BECBD3 /* Openvidu Swift */,
			);
		};
/* End PBXProject section */

/* Begin PBXResourcesBuildPhase section */
		6F19809A24B32B9100BECBD3 /* Resources */ = {
			isa = PBXResourcesBuildPhase;
			buildActionMask = 2147483647;
			files = (
				6F1980C624B32E1000BECBD3 /* Openvidu.storyboard in Resources */,
				6F1980AC24B32B9500BECBD3 /* LaunchScreen.storyboard in Resources */,
				6F1980A924B32B9500BECBD3 /* Assets.xcassets in Resources */,
				6F1980A724B32B9100BECBD3 /* Main.storyboard in Resources */,
			);
			runOnlyForDeploymentPostprocessing = 0;
		};
/* End PBXResourcesBuildPhase section */

/* Begin PBXShellScriptBuildPhase section */
		3AA5D0E399D8B429A76A7A64 /* [CP] Check Pods Manifest.lock */ = {
			isa = PBXShellScriptBuildPhase;
			buildActionMask = 2147483647;
			files = (
			);
			inputFileListPaths = (
			);
			inputPaths = (
				"${PODS_PODFILE_DIR_PATH}/Podfile.lock",
				"${PODS_ROOT}/Manifest.lock",
			);
			name = "[CP] Check Pods Manifest.lock";
			outputFileListPaths = (
			);
			outputPaths = (
				"$(DERIVED_FILE_DIR)/Pods-Openvidu Swift-checkManifestLockResult.txt",
			);
			runOnlyForDeploymentPostprocessing = 0;
			shellPath = /bin/sh;
			shellScript = "diff \"${PODS_PODFILE_DIR_PATH}/Podfile.lock\" \"${PODS_ROOT}/Manifest.lock\" > /dev/null\nif [ $? != 0 ] ; then\n    # print error to STDERR\n    echo \"error: The sandbox is not in sync with the Podfile.lock. Run 'pod install' or update your CocoaPods installation.\" >&2\n    exit 1\nfi\n# This output is used by Xcode 'outputs' to avoid re-running this script phase.\necho \"SUCCESS\" > \"${SCRIPT_OUTPUT_FILE_0}\"\n";
			showEnvVarsInLog = 0;
		};
		B9094ABA0D19FCFEB2826BEE /* [CP] Embed Pods Frameworks */ = {
			isa = PBXShellScriptBuildPhase;
			buildActionMask = 2147483647;
			files = (
			);
			inputFileListPaths = (
				"${PODS_ROOT}/Target Support Files/Pods-Openvidu Swift/Pods-Openvidu Swift-frameworks-${CONFIGURATION}-input-files.xcfilelist",
			);
			name = "[CP] Embed Pods Frameworks";
			outputFileListPaths = (
				"${PODS_ROOT}/Target Support Files/Pods-Openvidu Swift/Pods-Openvidu Swift-frameworks-${CONFIGURATION}-output-files.xcfilelist",
			);
			runOnlyForDeploymentPostprocessing = 0;
			shellPath = /bin/sh;
			shellScript = "\"${PODS_ROOT}/Target Support Files/Pods-Openvidu Swift/Pods-Openvidu Swift-frameworks.sh\"\n";
			showEnvVarsInLog = 0;
		};
/* End PBXShellScriptBuildPhase section */

/* Begin PBXSourcesBuildPhase section */
		6F19809824B32B9100BECBD3 /* Sources */ = {
			isa = PBXSourcesBuildPhase;
			buildActionMask = 2147483647;
			files = (
				6F1980BE24B32BB800BECBD3 /* OpenViduVideoVC.swift in Sources */,
				6F1980A424B32B9100BECBD3 /* ViewController.swift in Sources */,
				6F1980C024B32BB800BECBD3 /* RemoteParticipant.swift in Sources */,
				6F1980BD24B32BB800BECBD3 /* OpenViduPartecipantCell.swift in Sources */,
				6F1980A024B32B9100BECBD3 /* AppDelegate.swift in Sources */,
				6F1980C324B32BB800BECBD3 /* OpenViduService.swift in Sources */,
				6F1980C224B32BB800BECBD3 /* PeersService.swift in Sources */,
				6F1980C424B32BB800BECBD3 /* WebSocketService.swift in Sources */,
				6F1980C124B32BB800BECBD3 /* JSONConstants.swift in Sources */,
				6F1980BF24B32BB800BECBD3 /* OpenViduVideoVM.swift in Sources */,
				6F1980A224B32B9100BECBD3 /* SceneDelegate.swift in Sources */,
			);
			runOnlyForDeploymentPostprocessing = 0;
		};
/* End PBXSourcesBuildPhase section */

/* Begin PBXVariantGroup section */
		6F1980A524B32B9100BECBD3 /* Main.storyboard */ = {
			isa = PBXVariantGroup;
			children = (
				6F1980A624B32B9100BECBD3 /* Base */,
			);
			name = Main.storyboard;
			sourceTree = "<group>";
		};
		6F1980AA24B32B9500BECBD3 /* LaunchScreen.storyboard */ = {
			isa = PBXVariantGroup;
			children = (
				6F1980AB24B32B9500BECBD3 /* Base */,
			);
			name = LaunchScreen.storyboard;
			sourceTree = "<group>";
		};
/* End PBXVariantGroup section */

/* Begin XCBuildConfiguration section */
		6F1980AE24B32B9500BECBD3 /* Debug */ = {
			isa = XCBuildConfiguration;
			buildSettings = {
				ALWAYS_SEARCH_USER_PATHS = NO;
				CLANG_ANALYZER_NONNULL = YES;
				CLANG_ANALYZER_NUMBER_OBJECT_CONVERSION = YES_AGGRESSIVE;
				CLANG_CXX_LANGUAGE_STANDARD = "gnu++14";
				CLANG_CXX_LIBRARY = "libc++";
				CLANG_ENABLE_MODULES = YES;
				CLANG_ENABLE_OBJC_ARC = YES;
				CLANG_ENABLE_OBJC_WEAK = YES;
				CLANG_WARN_BLOCK_CAPTURE_AUTORELEASING = YES;
				CLANG_WARN_BOOL_CONVERSION = YES;
				CLANG_WARN_COMMA = YES;
				CLANG_WARN_CONSTANT_CONVERSION = YES;
				CLANG_WARN_DEPRECATED_OBJC_IMPLEMENTATIONS = YES;
				CLANG_WARN_DIRECT_OBJC_ISA_USAGE = YES_ERROR;
				CLANG_WARN_DOCUMENTATION_COMMENTS = YES;
				CLANG_WARN_EMPTY_BODY = YES;
				CLANG_WARN_ENUM_CONVERSION = YES;
				CLANG_WARN_INFINITE_RECURSION = YES;
				CLANG_WARN_INT_CONVERSION = YES;
				CLANG_WARN_NON_LITERAL_NULL_CONVERSION = YES;
				CLANG_WARN_OBJC_IMPLICIT_RETAIN_SELF = YES;
				CLANG_WARN_OBJC_LITERAL_CONVERSION = YES;
				CLANG_WARN_OBJC_ROOT_CLASS = YES_ERROR;
				CLANG_WARN_RANGE_LOOP_ANALYSIS = YES;
				CLANG_WARN_STRICT_PROTOTYPES = YES;
				CLANG_WARN_SUSPICIOUS_MOVE = YES;
				CLANG_WARN_UNGUARDED_AVAILABILITY = YES_AGGRESSIVE;
				CLANG_WARN_UNREACHABLE_CODE = YES;
				CLANG_WARN__DUPLICATE_METHOD_MATCH = YES;
				COPY_PHASE_STRIP = NO;
				DEBUG_INFORMATION_FORMAT = dwarf;
				ENABLE_STRICT_OBJC_MSGSEND = YES;
				ENABLE_TESTABILITY = YES;
				GCC_C_LANGUAGE_STANDARD = gnu11;
				GCC_DYNAMIC_NO_PIC = NO;
				GCC_NO_COMMON_BLOCKS = YES;
				GCC_OPTIMIZATION_LEVEL = 0;
				GCC_PREPROCESSOR_DEFINITIONS = (
					"DEBUG=1",
					"$(inherited)",
				);
				GCC_WARN_64_TO_32_BIT_CONVERSION = YES;
				GCC_WARN_ABOUT_RETURN_TYPE = YES_ERROR;
				GCC_WARN_UNDECLARED_SELECTOR = YES;
				GCC_WARN_UNINITIALIZED_AUTOS = YES_AGGRESSIVE;
				GCC_WARN_UNUSED_FUNCTION = YES;
				GCC_WARN_UNUSED_VARIABLE = YES;
				IPHONEOS_DEPLOYMENT_TARGET = 13.5;
				MTL_ENABLE_DEBUG_INFO = INCLUDE_SOURCE;
				MTL_FAST_MATH = YES;
				ONLY_ACTIVE_ARCH = YES;
				SDKROOT = iphoneos;
				SWIFT_ACTIVE_COMPILATION_CONDITIONS = DEBUG;
				SWIFT_OPTIMIZATION_LEVEL = "-Onone";
			};
			name = Debug;
		};
		6F1980AF24B32B9500BECBD3 /* Release */ = {
			isa = XCBuildConfiguration;
			buildSettings = {
				ALWAYS_SEARCH_USER_PATHS = NO;
				CLANG_ANALYZER_NONNULL = YES;
				CLANG_ANALYZER_NUMBER_OBJECT_CONVERSION = YES_AGGRESSIVE;
				CLANG_CXX_LANGUAGE_STANDARD = "gnu++14";
				CLANG_CXX_LIBRARY = "libc++";
				CLANG_ENABLE_MODULES = YES;
				CLANG_ENABLE_OBJC_ARC = YES;
				CLANG_ENABLE_OBJC_WEAK = YES;
				CLANG_WARN_BLOCK_CAPTURE_AUTORELEASING = YES;
				CLANG_WARN_BOOL_CONVERSION = YES;
				CLANG_WARN_COMMA = YES;
				CLANG_WARN_CONSTANT_CONVERSION = YES;
				CLANG_WARN_DEPRECATED_OBJC_IMPLEMENTATIONS = YES;
				CLANG_WARN_DIRECT_OBJC_ISA_USAGE = YES_ERROR;
				CLANG_WARN_DOCUMENTATION_COMMENTS = YES;
				CLANG_WARN_EMPTY_BODY = YES;
				CLANG_WARN_ENUM_CONVERSION = YES;
				CLANG_WARN_INFINITE_RECURSION = YES;
				CLANG_WARN_INT_CONVERSION = YES;
				CLANG_WARN_NON_LITERAL_NULL_CONVERSION = YES;
				CLANG_WARN_OBJC_IMPLICIT_RETAIN_SELF = YES;
				CLANG_WARN_OBJC_LITERAL_CONVERSION = YES;
				CLANG_WARN_OBJC_ROOT_CLASS = YES_ERROR;
				CLANG_WARN_RANGE_LOOP_ANALYSIS = YES;
				CLANG_WARN_STRICT_PROTOTYPES = YES;
				CLANG_WARN_SUSPICIOUS_MOVE = YES;
				CLANG_WARN_UNGUARDED_AVAILABILITY = YES_AGGRESSIVE;
				CLANG_WARN_UNREACHABLE_CODE = YES;
				CLANG_WARN__DUPLICATE_METHOD_MATCH = YES;
				COPY_PHASE_STRIP = NO;
				DEBUG_INFORMATION_FORMAT = "dwarf-with-dsym";
				ENABLE_NS_ASSERTIONS = NO;
				ENABLE_STRICT_OBJC_MSGSEND = YES;
				GCC_C_LANGUAGE_STANDARD = gnu11;
				GCC_NO_COMMON_BLOCKS = YES;
				GCC_WARN_64_TO_32_BIT_CONVERSION = YES;
				GCC_WARN_ABOUT_RETURN_TYPE = YES_ERROR;
				GCC_WARN_UNDECLARED_SELECTOR = YES;
				GCC_WARN_UNINITIALIZED_AUTOS = YES_AGGRESSIVE;
				GCC_WARN_UNUSED_FUNCTION = YES;
				GCC_WARN_UNUSED_VARIABLE = YES;
				IPHONEOS_DEPLOYMENT_TARGET = 13.5;
				MTL_ENABLE_DEBUG_INFO = NO;
				MTL_FAST_MATH = YES;
				SDKROOT = iphoneos;
				SWIFT_COMPILATION_MODE = wholemodule;
				SWIFT_OPTIMIZATION_LEVEL = "-O";
				VALIDATE_PRODUCT = YES;
			};
			name = Release;
		};
		6F1980B124B32B9500BECBD3 /* Debug */ = {
			isa = XCBuildConfiguration;
			baseConfigurationReference = D9D881654A768AD67387E33E /* Pods-Openvidu Swift.debug.xcconfig */;
			buildSettings = {
				ASSETCATALOG_COMPILER_APPICON_NAME = AppIcon;
				CODE_SIGN_STYLE = Automatic;
				DEVELOPMENT_TEAM = P5LHXFQ497;
				ENABLE_BITCODE = NO;
				INFOPLIST_FILE = "Openvidu Swift/Info.plist";
				LD_RUNPATH_SEARCH_PATHS = (
					"$(inherited)",
					"@executable_path/Frameworks",
				);
				PRODUCT_BUNDLE_IDENTIFIER = "it.h-digital.OpenviduSwift.Openvidu-Swift";
				PRODUCT_NAME = "$(TARGET_NAME)";
				SWIFT_VERSION = 5.0;
				TARGETED_DEVICE_FAMILY = "1,2";
			};
			name = Debug;
		};
		6F1980B224B32B9500BECBD3 /* Release */ = {
			isa = XCBuildConfiguration;
			baseConfigurationReference = 34FD620453CB0AE08AE033A5 /* Pods-Openvidu Swift.release.xcconfig */;
			buildSettings = {
				ASSETCATALOG_COMPILER_APPICON_NAME = AppIcon;
				CODE_SIGN_STYLE = Automatic;
				DEVELOPMENT_TEAM = P5LHXFQ497;
				ENABLE_BITCODE = NO;
				INFOPLIST_FILE = "Openvidu Swift/Info.plist";
				LD_RUNPATH_SEARCH_PATHS = (
					"$(inherited)",
					"@executable_path/Frameworks",
				);
				PRODUCT_BUNDLE_IDENTIFIER = "it.h-digital.OpenviduSwift.Openvidu-Swift";
				PRODUCT_NAME = "$(TARGET_NAME)";
				SWIFT_VERSION = 5.0;
				TARGETED_DEVICE_FAMILY = "1,2";
			};
			name = Release;
		};
/* End XCBuildConfiguration section */

/* Begin XCConfigurationList section */
		6F19809724B32B9100BECBD3 /* Build configuration list for PBXProject "Openvidu Swift" */ = {
			isa = XCConfigurationList;
			buildConfigurations = (
				6F1980AE24B32B9500BECBD3 /* Debug */,
				6F1980AF24B32B9500BECBD3 /* Release */,
			);
			defaultConfigurationIsVisible = 0;
			defaultConfigurationName = Release;
		};
		6F1980B024B32B9500BECBD3 /* Build configuration list for PBXNativeTarget "Openvidu Swift" */ = {
			isa = XCConfigurationList;
			buildConfigurations = (
				6F1980B124B32B9500BECBD3 /* Debug */,
				6F1980B224B32B9500BECBD3 /* Release */,
			);
			defaultConfigurationIsVisible = 0;
			defaultConfigurationName = Release;
		};
/* End XCConfigurationList section */
	};
	rootObject = 6F19809424B32B9100BECBD3 /* Project object */;
}
